// !$*UTF8*$!
{
	archiveVersion = 1;
	classes = {
	};
	objectVersion = 70;
	objects = {

/* Begin PBXBuildFile section */
		01377DA715A23F36BF004B82 /* FromView.swift in Sources */ = {isa = PBXBuildFile; fileRef = B16F39A1CF371BFAC3F79D0E /* FromView.swift */; };
		8E1D0E56E4FD254C6D1EA43D /* TripTypeSelector.swift in Sources */ = {isa = PBXBuildFile; fileRef = C305025CDAFEDACD0695F8E7 /* TripTypeSelector.swift */; };
		A341ACA02AF7B7F700CF69E5 /* Trips.swift in Sources */ = {isa = PBXBuildFile; fileRef = A341AC9F2AF7B7F700CF69E5 /* Trips.swift */; };
		A341ACA32AF7B9E600CF69E5 /* FlightsListView.swift in Sources */ = {isa = PBXBuildFile; fileRef = A341ACA22AF7B9E600CF69E5 /* FlightsListView.swift */; };
		A341ACA52AF7C89900CF69E5 /* NoFlightView.swift in Sources */ = {isa = PBXBuildFile; fileRef = A341ACA42AF7C89900CF69E5 /* NoFlightView.swift */; };
		A341ACA72AF7C8BE00CF69E5 /* String+Extension.swift in Sources */ = {isa = PBXBuildFile; fileRef = A341ACA62AF7C8BE00CF69E5 /* String+Extension.swift */; };
		A341ACA92AF7C8D700CF69E5 /* FlightRow.swift in Sources */ = {isa = PBXBuildFile; fileRef = A341ACA82AF7C8D700CF69E5 /* FlightRow.swift */; };
		A341ACAB2AF7C8ED00CF69E5 /* FareView.swift in Sources */ = {isa = PBXBuildFile; fileRef = A341ACAA2AF7C8ED00CF69E5 /* FareView.swift */; };
		A378D8622AF19C15003D3BDB /* FlightSearchApp.swift in Sources */ = {isa = PBXBuildFile; fileRef = A378D8612AF19C15003D3BDB /* FlightSearchApp.swift */; };
		A378D8642AF19C15003D3BDB /* GuestView.swift in Sources */ = {isa = PBXBuildFile; fileRef = A378D8632AF19C15003D3BDB /* GuestView.swift */; };
		A378D8662AF19C16003D3BDB /* Assets.xcassets in Resources */ = {isa = PBXBuildFile; fileRef = A378D8652AF19C16003D3BDB /* Assets.xcassets */; };
		A378D8692AF19C16003D3BDB /* Preview Assets.xcassets in Resources */ = {isa = PBXBuildFile; fileRef = A378D8682AF19C16003D3BDB /* Preview Assets.xcassets */; };
		A37A7A1E2AF577FF003789FC /* DateView.swift in Sources */ = {isa = PBXBuildFile; fileRef = A37A7A1D2AF577FF003789FC /* DateView.swift */; };
		A37A7A202AF59D64003789FC /* Date+Extension.swift in Sources */ = {isa = PBXBuildFile; fileRef = A37A7A1F2AF59D64003789FC /* Date+Extension.swift */; };
		A37A7A242AF59DD9003789FC /* FlightSearch.swift in Sources */ = {isa = PBXBuildFile; fileRef = A37A7A232AF59DD9003789FC /* FlightSearch.swift */; };
		A37A7A282AF5A14B003789FC /* FlightSearchView.swift in Sources */ = {isa = PBXBuildFile; fileRef = A37A7A272AF5A14B003789FC /* FlightSearchView.swift */; };
		A37A7A2B2AF5AC4E003789FC /* BorderedView+ViewModifier.swift in Sources */ = {isa = PBXBuildFile; fileRef = A37A7A2A2AF5AC4E003789FC /* BorderedView+ViewModifier.swift */; };
		A37A7A312AF5AD50003789FC /* StepperView+Extension.swift in Sources */ = {isa = PBXBuildFile; fileRef = A37A7A302AF5AD50003789FC /* StepperView+Extension.swift */; };
		A37A7A3A2AF5B863003789FC /* StationView.swift in Sources */ = {isa = PBXBuildFile; fileRef = A37A7A392AF5B863003789FC /* StationView.swift */; };
		A37A7A3E2AF5BA3F003789FC /* PassengerView.swift in Sources */ = {isa = PBXBuildFile; fileRef = A37A7A3D2AF5BA3F003789FC /* PassengerView.swift */; };
		A37A7A402AF5C402003789FC /* LetsGoView.swift in Sources */ = {isa = PBXBuildFile; fileRef = A37A7A3F2AF5C402003789FC /* LetsGoView.swift */; };
		A37A7A422AF6DBF6003789FC /* StationListView.swift in Sources */ = {isa = PBXBuildFile; fileRef = A37A7A412AF6DBF6003789FC /* StationListView.swift */; };
		A37A7A462AF7147E003789FC /* ContentUnAvailableCustomView.swift in Sources */ = {isa = PBXBuildFile; fileRef = A37A7A452AF7147E003789FC /* ContentUnAvailableCustomView.swift */; };
		A37A7A482AF714AD003789FC /* StationRow.swift in Sources */ = {isa = PBXBuildFile; fileRef = A37A7A472AF714AD003789FC /* StationRow.swift */; };
		A37A7A4B2AF7150A003789FC /* Passengers.swift in Sources */ = {isa = PBXBuildFile; fileRef = A37A7A4A2AF7150A003789FC /* Passengers.swift */; };
		A37A7A4D2AF71522003789FC /* Passenger.swift in Sources */ = {isa = PBXBuildFile; fileRef = A37A7A4C2AF71522003789FC /* Passenger.swift */; };
		A3829BE32AF2EA0E00B927FF /* BaseURL.swift in Sources */ = {isa = PBXBuildFile; fileRef = A3829BE22AF2EA0E00B927FF /* BaseURL.swift */; };
		A3829BE52AF2EA2B00B927FF /* Requests.swift in Sources */ = {isa = PBXBuildFile; fileRef = A3829BE42AF2EA2B00B927FF /* Requests.swift */; };
		A3829BE72AF2EA3E00B927FF /* URL+Extension.swift in Sources */ = {isa = PBXBuildFile; fileRef = A3829BE62AF2EA3E00B927FF /* URL+Extension.swift */; };
		A3829BEB2AF2EF5400B927FF /* Station.swift in Sources */ = {isa = PBXBuildFile; fileRef = A3829BEA2AF2EF5400B927FF /* Station.swift */; };
		A3B5EC3A2AF41141002EC7DE /* FlightSearchingService.swift in Sources */ = {isa = PBXBuildFile; fileRef = A3B5EC392AF41141002EC7DE /* FlightSearchingService.swift */; };
		A3DAB6A82AF7B62D00B3E1B2 /* ServiceHandler in Frameworks */ = {isa = PBXBuildFile; productRef = A3DAB6A72AF7B62D00B3E1B2 /* ServiceHandler */; };
		A9D3F3BF07B17B64B86B2AF2 /* Color+Extension.swift in Sources */ = {isa = PBXBuildFile; fileRef = 28C162E06F239A8CE78D12EB /* Color+Extension.swift */; };
		ED4E73CE2B8F1446004F8882 /* NavigationPath.swift in Sources */ = {isa = PBXBuildFile; fileRef = ED4E73CD2B8F1446004F8882 /* NavigationPath.swift */; };
		ED862DED2B6EAAD900D8B3F7 /* SwiftMacros in Frameworks */ = {isa = PBXBuildFile; productRef = ED862DEC2B6EAAD900D8B3F7 /* SwiftMacros */; };
		EDB4F7302B6EAEBD0092D19B /* SwiftBasicFormat in Frameworks */ = {isa = PBXBuildFile; productRef = EDB4F72F2B6EAEBD0092D19B /* SwiftBasicFormat */; };
		EDB4F7322B6EAEBD0092D19B /* SwiftCompilerPlugin in Frameworks */ = {isa = PBXBuildFile; productRef = EDB4F7312B6EAEBD0092D19B /* SwiftCompilerPlugin */; };
		EDB4F7342B6EAEBD0092D19B /* SwiftCompilerPluginMessageHandling in Frameworks */ = {isa = PBXBuildFile; productRef = EDB4F7332B6EAEBD0092D19B /* SwiftCompilerPluginMessageHandling */; };
		EDB4F7362B6EAEBD0092D19B /* SwiftDiagnostics in Frameworks */ = {isa = PBXBuildFile; productRef = EDB4F7352B6EAEBD0092D19B /* SwiftDiagnostics */; };
		EDB4F7382B6EAEBD0092D19B /* SwiftIDEUtils in Frameworks */ = {isa = PBXBuildFile; productRef = EDB4F7372B6EAEBD0092D19B /* SwiftIDEUtils */; };
		EDB4F73B2B6EAF0C0092D19B /* CodingKeysGenerator in Frameworks */ = {isa = PBXBuildFile; productRef = EDB4F73A2B6EAF0C0092D19B /* CodingKeysGenerator */; };
		EDB4F73E2B754BD80092D19B /* ServiceHandler in Frameworks */ = {isa = PBXBuildFile; productRef = EDB4F73D2B754BD80092D19B /* ServiceHandler */; };
		EDB4F7402B76A8090092D19B /* airport.json in Resources */ = {isa = PBXBuildFile; fileRef = EDB4F73F2B76A8090092D19B /* airport.json */; };
		EDBDC2D62B90B7C10016D07B /* Button+Extension.swift in Sources */ = {isa = PBXBuildFile; fileRef = EDBDC2D52B90B7C10016D07B /* Button+Extension.swift */; };
		EDBDC2D82B90EA2C0016D07B /* MainView.swift in Sources */ = {isa = PBXBuildFile; fileRef = EDBDC2D72B90EA2C0016D07B /* MainView.swift */; };
		EDBDC2DA2B90EB8D0016D07B /* FavouriteView.swift in Sources */ = {isa = PBXBuildFile; fileRef = EDBDC2D92B90EB8D0016D07B /* FavouriteView.swift */; };
		EDF746A12B7A90AB00C6AAD2 /* ActivityIndicator.swift in Sources */ = {isa = PBXBuildFile; fileRef = EDF746A02B7A90AB00C6AAD2 /* ActivityIndicator.swift */; };
		EDF746A42B7A934300C6AAD2 /* ActivityIndicatorView in Frameworks */ = {isa = PBXBuildFile; productRef = EDF746A32B7A934300C6AAD2 /* ActivityIndicatorView */; };
/* End PBXBuildFile section */

/* Begin PBXContainerItemProxy section */
		46FFD5FF2EF46C9A00A453BE /* PBXContainerItemProxy */ = {
			isa = PBXContainerItemProxy;
			containerPortal = A378D8562AF19C15003D3BDB /* Project object */;
			proxyType = 1;
			remoteGlobalIDString = A378D85D2AF19C15003D3BDB;
			remoteInfo = FlightSearch;
		};
/* End PBXContainerItemProxy section */

/* Begin PBXFileReference section */
		28C162E06F239A8CE78D12EB /* Color+Extension.swift */ = {isa = PBXFileReference; includeInIndex = 1; lastKnownFileType = sourcecode.swift; path = "Color+Extension.swift"; sourceTree = "<group>"; };
		46FFD5FB2EF46C9A00A453BE /* FlightSearchTests.xctest */ = {isa = PBXFileReference; explicitFileType = wrapper.cfbundle; includeInIndex = 0; path = FlightSearchTests.xctest; sourceTree = BUILT_PRODUCTS_DIR; };
		A341AC9F2AF7B7F700CF69E5 /* Trips.swift */ = {isa = PBXFileReference; lastKnownFileType = sourcecode.swift; path = Trips.swift; sourceTree = "<group>"; };
		A341ACA22AF7B9E600CF69E5 /* FlightsListView.swift */ = {isa = PBXFileReference; lastKnownFileType = sourcecode.swift; path = FlightsListView.swift; sourceTree = "<group>"; };
		A341ACA42AF7C89900CF69E5 /* NoFlightView.swift */ = {isa = PBXFileReference; lastKnownFileType = sourcecode.swift; path = NoFlightView.swift; sourceTree = "<group>"; };
		A341ACA62AF7C8BE00CF69E5 /* String+Extension.swift */ = {isa = PBXFileReference; lastKnownFileType = sourcecode.swift; path = "String+Extension.swift"; sourceTree = "<group>"; };
		A341ACA82AF7C8D700CF69E5 /* FlightRow.swift */ = {isa = PBXFileReference; lastKnownFileType = sourcecode.swift; path = FlightRow.swift; sourceTree = "<group>"; };
		A341ACAA2AF7C8ED00CF69E5 /* FareView.swift */ = {isa = PBXFileReference; lastKnownFileType = sourcecode.swift; path = FareView.swift; sourceTree = "<group>"; };
		A378D85E2AF19C15003D3BDB /* FlightSearch.app */ = {isa = PBXFileReference; explicitFileType = wrapper.application; includeInIndex = 0; path = FlightSearch.app; sourceTree = BUILT_PRODUCTS_DIR; };
		A378D8612AF19C15003D3BDB /* FlightSearchApp.swift */ = {isa = PBXFileReference; lastKnownFileType = sourcecode.swift; path = FlightSearchApp.swift; sourceTree = "<group>"; };
		A378D8632AF19C15003D3BDB /* GuestView.swift */ = {isa = PBXFileReference; lastKnownFileType = sourcecode.swift; path = GuestView.swift; sourceTree = "<group>"; };
		A378D8652AF19C16003D3BDB /* Assets.xcassets */ = {isa = PBXFileReference; lastKnownFileType = folder.assetcatalog; path = Assets.xcassets; sourceTree = "<group>"; };
		A378D8682AF19C16003D3BDB /* Preview Assets.xcassets */ = {isa = PBXFileReference; lastKnownFileType = folder.assetcatalog; path = "Preview Assets.xcassets"; sourceTree = "<group>"; };
		A37A7A1D2AF577FF003789FC /* DateView.swift */ = {isa = PBXFileReference; lastKnownFileType = sourcecode.swift; path = DateView.swift; sourceTree = "<group>"; };
		A37A7A1F2AF59D64003789FC /* Date+Extension.swift */ = {isa = PBXFileReference; lastKnownFileType = sourcecode.swift; path = "Date+Extension.swift"; sourceTree = "<group>"; };
		A37A7A232AF59DD9003789FC /* FlightSearch.swift */ = {isa = PBXFileReference; lastKnownFileType = sourcecode.swift; path = FlightSearch.swift; sourceTree = "<group>"; };
		A37A7A272AF5A14B003789FC /* FlightSearchView.swift */ = {isa = PBXFileReference; lastKnownFileType = sourcecode.swift; path = FlightSearchView.swift; sourceTree = "<group>"; };
		A37A7A2A2AF5AC4E003789FC /* BorderedView+ViewModifier.swift */ = {isa = PBXFileReference; lastKnownFileType = sourcecode.swift; path = "BorderedView+ViewModifier.swift"; sourceTree = "<group>"; };
		A37A7A302AF5AD50003789FC /* StepperView+Extension.swift */ = {isa = PBXFileReference; lastKnownFileType = sourcecode.swift; path = "StepperView+Extension.swift"; sourceTree = "<group>"; };
		A37A7A392AF5B863003789FC /* StationView.swift */ = {isa = PBXFileReference; lastKnownFileType = sourcecode.swift; path = StationView.swift; sourceTree = "<group>"; };
		A37A7A3D2AF5BA3F003789FC /* PassengerView.swift */ = {isa = PBXFileReference; lastKnownFileType = sourcecode.swift; path = PassengerView.swift; sourceTree = "<group>"; };
		A37A7A3F2AF5C402003789FC /* LetsGoView.swift */ = {isa = PBXFileReference; lastKnownFileType = sourcecode.swift; path = LetsGoView.swift; sourceTree = "<group>"; };
		A37A7A412AF6DBF6003789FC /* StationListView.swift */ = {isa = PBXFileReference; lastKnownFileType = sourcecode.swift; path = StationListView.swift; sourceTree = "<group>"; };
		A37A7A452AF7147E003789FC /* ContentUnAvailableCustomView.swift */ = {isa = PBXFileReference; lastKnownFileType = sourcecode.swift; path = ContentUnAvailableCustomView.swift; sourceTree = "<group>"; };
		A37A7A472AF714AD003789FC /* StationRow.swift */ = {isa = PBXFileReference; lastKnownFileType = sourcecode.swift; path = StationRow.swift; sourceTree = "<group>"; };
		A37A7A4A2AF7150A003789FC /* Passengers.swift */ = {isa = PBXFileReference; lastKnownFileType = sourcecode.swift; path = Passengers.swift; sourceTree = "<group>"; };
		A37A7A4C2AF71522003789FC /* Passenger.swift */ = {isa = PBXFileReference; lastKnownFileType = sourcecode.swift; path = Passenger.swift; sourceTree = "<group>"; };
		A3829BE22AF2EA0E00B927FF /* BaseURL.swift */ = {isa = PBXFileReference; lastKnownFileType = sourcecode.swift; path = BaseURL.swift; sourceTree = "<group>"; };
		A3829BE42AF2EA2B00B927FF /* Requests.swift */ = {isa = PBXFileReference; lastKnownFileType = sourcecode.swift; path = Requests.swift; sourceTree = "<group>"; };
		A3829BE62AF2EA3E00B927FF /* URL+Extension.swift */ = {isa = PBXFileReference; lastKnownFileType = sourcecode.swift; path = "URL+Extension.swift"; sourceTree = "<group>"; };
		A3829BEA2AF2EF5400B927FF /* Station.swift */ = {isa = PBXFileReference; lastKnownFileType = sourcecode.swift; path = Station.swift; sourceTree = "<group>"; };
		A3B5EC392AF41141002EC7DE /* FlightSearchingService.swift */ = {isa = PBXFileReference; lastKnownFileType = sourcecode.swift; path = FlightSearchingService.swift; sourceTree = "<group>"; };
		B16F39A1CF371BFAC3F79D0E /* FromView.swift */ = {isa = PBXFileReference; includeInIndex = 1; lastKnownFileType = sourcecode.swift; path = FromView.swift; sourceTree = "<group>"; };
		C305025CDAFEDACD0695F8E7 /* TripTypeSelector.swift */ = {isa = PBXFileReference; includeInIndex = 1; lastKnownFileType = sourcecode.swift; path = TripTypeSelector.swift; sourceTree = "<group>"; };
		ED4E73CD2B8F1446004F8882 /* NavigationPath.swift */ = {isa = PBXFileReference; lastKnownFileType = sourcecode.swift; path = NavigationPath.swift; sourceTree = "<group>"; };
		EDB4F73F2B76A8090092D19B /* airport.json */ = {isa = PBXFileReference; fileEncoding = 4; lastKnownFileType = text.json; path = airport.json; sourceTree = "<group>"; };
		EDBDC2D52B90B7C10016D07B /* Button+Extension.swift */ = {isa = PBXFileReference; lastKnownFileType = sourcecode.swift; path = "Button+Extension.swift"; sourceTree = "<group>"; };
		EDBDC2D72B90EA2C0016D07B /* MainView.swift */ = {isa = PBXFileReference; lastKnownFileType = sourcecode.swift; path = MainView.swift; sourceTree = "<group>"; };
		EDBDC2D92B90EB8D0016D07B /* FavouriteView.swift */ = {isa = PBXFileReference; lastKnownFileType = sourcecode.swift; path = FavouriteView.swift; sourceTree = "<group>"; };
		EDF746A02B7A90AB00C6AAD2 /* ActivityIndicator.swift */ = {isa = PBXFileReference; lastKnownFileType = sourcecode.swift; path = ActivityIndicator.swift; sourceTree = "<group>"; };
/* End PBXFileReference section */

/* Begin PBXFileSystemSynchronizedRootGroup section */
		46FFD5FC2EF46C9A00A453BE /* FlightSearchTests */ = {
			isa = PBXFileSystemSynchronizedRootGroup;
			exceptions = (
			);
			explicitFileTypes = {
			};
			explicitFolders = (
			);
			path = FlightSearchTests;
			sourceTree = "<group>";
		};
/* End PBXFileSystemSynchronizedRootGroup section */

/* Begin PBXFrameworksBuildPhase section */
		46FFD5F82EF46C9A00A453BE /* Frameworks */ = {
			isa = PBXFrameworksBuildPhase;
			buildActionMask = 2147483647;
			files = (
			);
			runOnlyForDeploymentPostprocessing = 0;
		};
		A378D85B2AF19C15003D3BDB /* Frameworks */ = {
			isa = PBXFrameworksBuildPhase;
			buildActionMask = 2147483647;
			files = (
				EDF746A42B7A934300C6AAD2 /* ActivityIndicatorView in Frameworks */,
				A3DAB6A82AF7B62D00B3E1B2 /* ServiceHandler in Frameworks */,
				EDB4F7382B6EAEBD0092D19B /* SwiftIDEUtils in Frameworks */,
				EDB4F73B2B6EAF0C0092D19B /* CodingKeysGenerator in Frameworks */,
				EDB4F7342B6EAEBD0092D19B /* SwiftCompilerPluginMessageHandling in Frameworks */,
				EDB4F7302B6EAEBD0092D19B /* SwiftBasicFormat in Frameworks */,
				EDB4F7362B6EAEBD0092D19B /* SwiftDiagnostics in Frameworks */,
				EDB4F73E2B754BD80092D19B /* ServiceHandler in Frameworks */,
				EDB4F7322B6EAEBD0092D19B /* SwiftCompilerPlugin in Frameworks */,
				ED862DED2B6EAAD900D8B3F7 /* SwiftMacros in Frameworks */,
			);
			runOnlyForDeploymentPostprocessing = 0;
		};
/* End PBXFrameworksBuildPhase section */

/* Begin PBXGroup section */
		5ABAA1711B028D94E733E08B /* Components */ = {
			isa = PBXGroup;
			children = (
				B16F39A1CF371BFAC3F79D0E /* FromView.swift */,
				C305025CDAFEDACD0695F8E7 /* TripTypeSelector.swift */,
			);
			name = Components;
			path = Components;
			sourceTree = "<group>";
		};
		A341ACA12AF7B9C400CF69E5 /* Flights */ = {
			isa = PBXGroup;
			children = (
				A341ACA22AF7B9E600CF69E5 /* FlightsListView.swift */,
				A341ACA82AF7C8D700CF69E5 /* FlightRow.swift */,
				A341ACAA2AF7C8ED00CF69E5 /* FareView.swift */,
				A341ACA42AF7C89900CF69E5 /* NoFlightView.swift */,
			);
			path = Flights;
			sourceTree = "<group>";
		};
		A378D8552AF19C15003D3BDB = {
			isa = PBXGroup;
			children = (
				A378D8602AF19C15003D3BDB /* FlightSearch */,
				46FFD5FC2EF46C9A00A453BE /* FlightSearchTests */,
				A378D85F2AF19C15003D3BDB /* Products */,
				A3DAB6A62AF7B62D00B3E1B2 /* Frameworks */,
			);
			sourceTree = "<group>";
		};
		A378D85F2AF19C15003D3BDB /* Products */ = {
			isa = PBXGroup;
			children = (
				A378D85E2AF19C15003D3BDB /* FlightSearch.app */,
				46FFD5FB2EF46C9A00A453BE /* FlightSearchTests.xctest */,
			);
			name = Products;
			sourceTree = "<group>";
		};
		A378D8602AF19C15003D3BDB /* FlightSearch */ = {
			isa = PBXGroup;
			children = (
				A37A7A332AF5AE0B003789FC /* EntryView */,
				A37A7A342AF5AE3B003789FC /* ContinueAsGuest */,
				A37A7A352AF5AE51003789FC /* FlightSearchView */,
				A37A7A432AF70364003789FC /* LetsGoView */,
				A341ACA12AF7B9C400CF69E5 /* Flights */,
				A37A7A322AF5ADE8003789FC /* Extensions */,
				A3829BE22AF2EA0E00B927FF /* BaseURL.swift */,
				A3829BE42AF2EA2B00B927FF /* Requests.swift */,
				A3829BEA2AF2EF5400B927FF /* Station.swift */,
				A341AC9F2AF7B7F700CF69E5 /* Trips.swift */,
				A378D8652AF19C16003D3BDB /* Assets.xcassets */,
				EDB4F73F2B76A8090092D19B /* airport.json */,
				A378D8672AF19C16003D3BDB /* Preview Content */,
				5ABAA1711B028D94E733E08B /* Components */,
			);
			path = FlightSearch;
			sourceTree = "<group>";
		};
		A378D8672AF19C16003D3BDB /* Preview Content */ = {
			isa = PBXGroup;
			children = (
				A378D8682AF19C16003D3BDB /* Preview Assets.xcassets */,
			);
			path = "Preview Content";
			sourceTree = "<group>";
		};
		A37A7A322AF5ADE8003789FC /* Extensions */ = {
			isa = PBXGroup;
			children = (
				A37A7A452AF7147E003789FC /* ContentUnAvailableCustomView.swift */,
				A37A7A302AF5AD50003789FC /* StepperView+Extension.swift */,
				A3829BE62AF2EA3E00B927FF /* URL+Extension.swift */,
				A37A7A2A2AF5AC4E003789FC /* BorderedView+ViewModifier.swift */,
				A37A7A1F2AF59D64003789FC /* Date+Extension.swift */,
				A341ACA62AF7C8BE00CF69E5 /* String+Extension.swift */,
				EDF746A02B7A90AB00C6AAD2 /* ActivityIndicator.swift */,
				ED4E73CD2B8F1446004F8882 /* NavigationPath.swift */,
				EDBDC2D52B90B7C10016D07B /* Button+Extension.swift */,
				28C162E06F239A8CE78D12EB /* Color+Extension.swift */,
			);
			path = Extensions;
			sourceTree = "<group>";
		};
		A37A7A332AF5AE0B003789FC /* EntryView */ = {
			isa = PBXGroup;
			children = (
				A378D8612AF19C15003D3BDB /* FlightSearchApp.swift */,
			);
			path = EntryView;
			sourceTree = "<group>";
		};
		A37A7A342AF5AE3B003789FC /* ContinueAsGuest */ = {
			isa = PBXGroup;
			children = (
				A378D8632AF19C15003D3BDB /* GuestView.swift */,
				EDBDC2D72B90EA2C0016D07B /* MainView.swift */,
				EDBDC2D92B90EB8D0016D07B /* FavouriteView.swift */,
				A3B5EC392AF41141002EC7DE /* FlightSearchingService.swift */,
				A37A7A232AF59DD9003789FC /* FlightSearch.swift */,
			);
			path = ContinueAsGuest;
			sourceTree = "<group>";
		};
		A37A7A352AF5AE51003789FC /* FlightSearchView */ = {
			isa = PBXGroup;
			children = (
				A37A7A272AF5A14B003789FC /* FlightSearchView.swift */,
				A37A7A442AF7145E003789FC /* StationView */,
				A37A7A1D2AF577FF003789FC /* DateView.swift */,
				A37A7A492AF714F7003789FC /* PassengerView */,
			);
			path = FlightSearchView;
			sourceTree = "<group>";
		};
		A37A7A432AF70364003789FC /* LetsGoView */ = {
			isa = PBXGroup;
			children = (
				A37A7A3F2AF5C402003789FC /* LetsGoView.swift */,
			);
			path = LetsGoView;
			sourceTree = "<group>";
		};
		A37A7A442AF7145E003789FC /* StationView */ = {
			isa = PBXGroup;
			children = (
				A37A7A392AF5B863003789FC /* StationView.swift */,
				A37A7A412AF6DBF6003789FC /* StationListView.swift */,
				A37A7A472AF714AD003789FC /* StationRow.swift */,
			);
			path = StationView;
			sourceTree = "<group>";
		};
		A37A7A492AF714F7003789FC /* PassengerView */ = {
			isa = PBXGroup;
			children = (
				A37A7A3D2AF5BA3F003789FC /* PassengerView.swift */,
				A37A7A4A2AF7150A003789FC /* Passengers.swift */,
				A37A7A4C2AF71522003789FC /* Passenger.swift */,
			);
			path = PassengerView;
			sourceTree = "<group>";
		};
		A3DAB6A62AF7B62D00B3E1B2 /* Frameworks */ = {
			isa = PBXGroup;
			children = (
			);
			name = Frameworks;
			sourceTree = "<group>";
		};
/* End PBXGroup section */

/* Begin PBXNativeTarget section */
		46FFD5FA2EF46C9A00A453BE /* FlightSearchTests */ = {
			isa = PBXNativeTarget;
			buildConfigurationList = 46FFD6032EF46C9A00A453BE /* Build configuration list for PBXNativeTarget "FlightSearchTests" */;
			buildPhases = (
				46FFD5F72EF46C9A00A453BE /* Sources */,
				46FFD5F82EF46C9A00A453BE /* Frameworks */,
				46FFD5F92EF46C9A00A453BE /* Resources */,
			);
			buildRules = (
			);
			dependencies = (
				46FFD6002EF46C9A00A453BE /* PBXTargetDependency */,
			);
			fileSystemSynchronizedGroups = (
				46FFD5FC2EF46C9A00A453BE /* FlightSearchTests */,
			);
			name = FlightSearchTests;
			productName = FlightSearchTests;
			productReference = 46FFD5FB2EF46C9A00A453BE /* FlightSearchTests.xctest */;
			productType = "com.apple.product-type.bundle.unit-test";
		};
		A378D85D2AF19C15003D3BDB /* FlightSearch */ = {
			isa = PBXNativeTarget;
			buildConfigurationList = A378D86C2AF19C16003D3BDB /* Build configuration list for PBXNativeTarget "FlightSearch" */;
			buildPhases = (
				A378D85A2AF19C15003D3BDB /* Sources */,
				A378D85B2AF19C15003D3BDB /* Frameworks */,
				A378D85C2AF19C15003D3BDB /* Resources */,
			);
			buildRules = (
			);
			dependencies = (
			);
			name = FlightSearch;
			packageProductDependencies = (
				A3DAB6A72AF7B62D00B3E1B2 /* ServiceHandler */,
				ED862DEC2B6EAAD900D8B3F7 /* SwiftMacros */,
				EDB4F72F2B6EAEBD0092D19B /* SwiftBasicFormat */,
				EDB4F7312B6EAEBD0092D19B /* SwiftCompilerPlugin */,
				EDB4F7332B6EAEBD0092D19B /* SwiftCompilerPluginMessageHandling */,
				EDB4F7352B6EAEBD0092D19B /* SwiftDiagnostics */,
				EDB4F7372B6EAEBD0092D19B /* SwiftIDEUtils */,
				EDB4F73A2B6EAF0C0092D19B /* CodingKeysGenerator */,
				EDB4F73D2B754BD80092D19B /* ServiceHandler */,
				EDF746A32B7A934300C6AAD2 /* ActivityIndicatorView */,
			);
			productName = FlightSearch;
			productReference = A378D85E2AF19C15003D3BDB /* FlightSearch.app */;
			productType = "com.apple.product-type.application";
		};
/* End PBXNativeTarget section */

/* Begin PBXProject section */
		A378D8562AF19C15003D3BDB /* Project object */ = {
			isa = PBXProject;
			attributes = {
				BuildIndependentTargetsInParallel = 1;
				LastSwiftUpdateCheck = 2610;
				LastUpgradeCheck = 1500;
				TargetAttributes = {
					46FFD5FA2EF46C9A00A453BE = {
						CreatedOnToolsVersion = 26.1.1;
						TestTargetID = A378D85D2AF19C15003D3BDB;
					};
					A378D85D2AF19C15003D3BDB = {
						CreatedOnToolsVersion = 15.0.1;
					};
				};
			};
			buildConfigurationList = A378D8592AF19C15003D3BDB /* Build configuration list for PBXProject "FlightSearch" */;
			compatibilityVersion = "Xcode 14.0";
			developmentRegion = en;
			hasScannedForEncodings = 0;
			knownRegions = (
				en,
				Base,
			);
			mainGroup = A378D8552AF19C15003D3BDB;
			packageReferences = (
				ED862DEB2B6EAAD900D8B3F7 /* XCRemoteSwiftPackageReference "swift-macros" */,
				EDB4F72E2B6EAEBD0092D19B /* XCRemoteSwiftPackageReference "swift-syntax" */,
				EDB4F7392B6EAF0C0092D19B /* XCRemoteSwiftPackageReference "CodingKeysGenerator" */,
				EDB4F73C2B754BD80092D19B /* XCRemoteSwiftPackageReference "ServiceHandler-main" */,
				EDF746A22B7A934300C6AAD2 /* XCRemoteSwiftPackageReference "ActivityIndicatorView" */,
			);
			productRefGroup = A378D85F2AF19C15003D3BDB /* Products */;
			projectDirPath = "";
			projectRoot = "";
			targets = (
				A378D85D2AF19C15003D3BDB /* FlightSearch */,
				46FFD5FA2EF46C9A00A453BE /* FlightSearchTests */,
			);
		};
/* End PBXProject section */

/* Begin PBXResourcesBuildPhase section */
		46FFD5F92EF46C9A00A453BE /* Resources */ = {
			isa = PBXResourcesBuildPhase;
			buildActionMask = 2147483647;
			files = (
			);
			runOnlyForDeploymentPostprocessing = 0;
		};
		A378D85C2AF19C15003D3BDB /* Resources */ = {
			isa = PBXResourcesBuildPhase;
			buildActionMask = 2147483647;
			files = (
				A378D8692AF19C16003D3BDB /* Preview Assets.xcassets in Resources */,
				A378D8662AF19C16003D3BDB /* Assets.xcassets in Resources */,
				EDB4F7402B76A8090092D19B /* airport.json in Resources */,
			);
			runOnlyForDeploymentPostprocessing = 0;
		};
/* End PBXResourcesBuildPhase section */

/* Begin PBXSourcesBuildPhase section */
		46FFD5F72EF46C9A00A453BE /* Sources */ = {
			isa = PBXSourcesBuildPhase;
			buildActionMask = 2147483647;
			files = (
			);
			runOnlyForDeploymentPostprocessing = 0;
		};
		A378D85A2AF19C15003D3BDB /* Sources */ = {
			isa = PBXSourcesBuildPhase;
			buildActionMask = 2147483647;
			files = (
				A37A7A282AF5A14B003789FC /* FlightSearchView.swift in Sources */,
				A378D8642AF19C15003D3BDB /* GuestView.swift in Sources */,
				A341ACA92AF7C8D700CF69E5 /* FlightRow.swift in Sources */,
				A3829BE52AF2EA2B00B927FF /* Requests.swift in Sources */,
				EDF746A12B7A90AB00C6AAD2 /* ActivityIndicator.swift in Sources */,
				A341ACA32AF7B9E600CF69E5 /* FlightsListView.swift in Sources */,
				A37A7A2B2AF5AC4E003789FC /* BorderedView+ViewModifier.swift in Sources */,
				A341ACA02AF7B7F700CF69E5 /* Trips.swift in Sources */,
				A37A7A462AF7147E003789FC /* ContentUnAvailableCustomView.swift in Sources */,
				A37A7A422AF6DBF6003789FC /* StationListView.swift in Sources */,
				A341ACA72AF7C8BE00CF69E5 /* String+Extension.swift in Sources */,
				EDBDC2D62B90B7C10016D07B /* Button+Extension.swift in Sources */,
				A341ACAB2AF7C8ED00CF69E5 /* FareView.swift in Sources */,
				A37A7A4B2AF7150A003789FC /* Passengers.swift in Sources */,
				ED4E73CE2B8F1446004F8882 /* NavigationPath.swift in Sources */,
				A37A7A312AF5AD50003789FC /* StepperView+Extension.swift in Sources */,
				A37A7A4D2AF71522003789FC /* Passenger.swift in Sources */,
				A37A7A1E2AF577FF003789FC /* DateView.swift in Sources */,
				A378D8622AF19C15003D3BDB /* FlightSearchApp.swift in Sources */,
				A37A7A3A2AF5B863003789FC /* StationView.swift in Sources */,
				A37A7A202AF59D64003789FC /* Date+Extension.swift in Sources */,
				A3B5EC3A2AF41141002EC7DE /* FlightSearchingService.swift in Sources */,
				A3829BE72AF2EA3E00B927FF /* URL+Extension.swift in Sources */,
				A37A7A3E2AF5BA3F003789FC /* PassengerView.swift in Sources */,
				A3829BE32AF2EA0E00B927FF /* BaseURL.swift in Sources */,
				A341ACA52AF7C89900CF69E5 /* NoFlightView.swift in Sources */,
				A37A7A482AF714AD003789FC /* StationRow.swift in Sources */,
				A3829BEB2AF2EF5400B927FF /* Station.swift in Sources */,
				EDBDC2D82B90EA2C0016D07B /* MainView.swift in Sources */,
				A37A7A402AF5C402003789FC /* LetsGoView.swift in Sources */,
				EDBDC2DA2B90EB8D0016D07B /* FavouriteView.swift in Sources */,
				A37A7A242AF59DD9003789FC /* FlightSearch.swift in Sources */,
				A9D3F3BF07B17B64B86B2AF2 /* Color+Extension.swift in Sources */,
				01377DA715A23F36BF004B82 /* FromView.swift in Sources */,
				8E1D0E56E4FD254C6D1EA43D /* TripTypeSelector.swift in Sources */,
			);
			runOnlyForDeploymentPostprocessing = 0;
		};
/* End PBXSourcesBuildPhase section */

/* Begin PBXTargetDependency section */
		46FFD6002EF46C9A00A453BE /* PBXTargetDependency */ = {
			isa = PBXTargetDependency;
			target = A378D85D2AF19C15003D3BDB /* FlightSearch */;
			targetProxy = 46FFD5FF2EF46C9A00A453BE /* PBXContainerItemProxy */;
		};
/* End PBXTargetDependency section */

/* Begin XCBuildConfiguration section */
		46FFD6012EF46C9A00A453BE /* Debug */ = {
			isa = XCBuildConfiguration;
			buildSettings = {
				BUNDLE_LOADER = "$(TEST_HOST)";
				CODE_SIGN_STYLE = Automatic;
				CURRENT_PROJECT_VERSION = 1;
				GENERATE_INFOPLIST_FILE = YES;
				IPHONEOS_DEPLOYMENT_TARGET = 26.1;
				MARKETING_VERSION = 1.0;
				PRODUCT_BUNDLE_IDENTIFIER = com.epam.FlightSearchTests;
				PRODUCT_NAME = "$(TARGET_NAME)";
				STRING_CATALOG_GENERATE_SYMBOLS = NO;
				SWIFT_APPROACHABLE_CONCURRENCY = YES;
				SWIFT_EMIT_LOC_STRINGS = NO;
				SWIFT_UPCOMING_FEATURE_MEMBER_IMPORT_VISIBILITY = YES;
				SWIFT_VERSION = 5.0;
				TARGETED_DEVICE_FAMILY = "1,2";
				TEST_HOST = "$(BUILT_PRODUCTS_DIR)/FlightSearch.app/$(BUNDLE_EXECUTABLE_FOLDER_PATH)/FlightSearch";
			};
			name = Debug;
		};
		46FFD6022EF46C9A00A453BE /* Release */ = {
			isa = XCBuildConfiguration;
			buildSettings = {
				BUNDLE_LOADER = "$(TEST_HOST)";
				CODE_SIGN_STYLE = Automatic;
				CURRENT_PROJECT_VERSION = 1;
				GENERATE_INFOPLIST_FILE = YES;
				IPHONEOS_DEPLOYMENT_TARGET = 26.1;
				MARKETING_VERSION = 1.0;
				PRODUCT_BUNDLE_IDENTIFIER = com.epam.FlightSearchTests;
				PRODUCT_NAME = "$(TARGET_NAME)";
				STRING_CATALOG_GENERATE_SYMBOLS = NO;
				SWIFT_APPROACHABLE_CONCURRENCY = YES;
				SWIFT_EMIT_LOC_STRINGS = NO;
				SWIFT_UPCOMING_FEATURE_MEMBER_IMPORT_VISIBILITY = YES;
				SWIFT_VERSION = 5.0;
				TARGETED_DEVICE_FAMILY = "1,2";
				TEST_HOST = "$(BUILT_PRODUCTS_DIR)/FlightSearch.app/$(BUNDLE_EXECUTABLE_FOLDER_PATH)/FlightSearch";
			};
			name = Release;
		};
		A378D86A2AF19C16003D3BDB /* Debug */ = {
			isa = XCBuildConfiguration;
			buildSettings = {
				ALWAYS_SEARCH_USER_PATHS = NO;
				ASSETCATALOG_COMPILER_GENERATE_SWIFT_ASSET_SYMBOL_EXTENSIONS = YES;
				CLANG_ANALYZER_NONNULL = YES;
				CLANG_ANALYZER_NUMBER_OBJECT_CONVERSION = YES_AGGRESSIVE;
				CLANG_CXX_LANGUAGE_STANDARD = "gnu++20";
				CLANG_ENABLE_MODULES = YES;
				CLANG_ENABLE_OBJC_ARC = YES;
				CLANG_ENABLE_OBJC_WEAK = YES;
				CLANG_WARN_BLOCK_CAPTURE_AUTORELEASING = YES;
				CLANG_WARN_BOOL_CONVERSION = YES;
				CLANG_WARN_COMMA = YES;
				CLANG_WARN_CONSTANT_CONVERSION = YES;
				CLANG_WARN_DEPRECATED_OBJC_IMPLEMENTATIONS = YES;
				CLANG_WARN_DIRECT_OBJC_ISA_USAGE = YES_ERROR;
				CLANG_WARN_DOCUMENTATION_COMMENTS = YES;
				CLANG_WARN_EMPTY_BODY = YES;
				CLANG_WARN_ENUM_CONVERSION = YES;
				CLANG_WARN_INFINITE_RECURSION = YES;
				CLANG_WARN_INT_CONVERSION = YES;
				CLANG_WARN_NON_LITERAL_NULL_CONVERSION = YES;
				CLANG_WARN_OBJC_IMPLICIT_RETAIN_SELF = YES;
				CLANG_WARN_OBJC_LITERAL_CONVERSION = YES;
				CLANG_WARN_OBJC_ROOT_CLASS = YES_ERROR;
				CLANG_WARN_QUOTED_INCLUDE_IN_FRAMEWORK_HEADER = YES;
				CLANG_WARN_RANGE_LOOP_ANALYSIS = YES;
				CLANG_WARN_STRICT_PROTOTYPES = YES;
				CLANG_WARN_SUSPICIOUS_MOVE = YES;
				CLANG_WARN_UNGUARDED_AVAILABILITY = YES_AGGRESSIVE;
				CLANG_WARN_UNREACHABLE_CODE = YES;
				CLANG_WARN__DUPLICATE_METHOD_MATCH = YES;
				COPY_PHASE_STRIP = NO;
				DEBUG_INFORMATION_FORMAT = dwarf;
				ENABLE_STRICT_OBJC_MSGSEND = YES;
				ENABLE_TESTABILITY = YES;
				ENABLE_USER_SCRIPT_SANDBOXING = YES;
				GCC_C_LANGUAGE_STANDARD = gnu17;
				GCC_DYNAMIC_NO_PIC = NO;
				GCC_NO_COMMON_BLOCKS = YES;
				GCC_OPTIMIZATION_LEVEL = 0;
				GCC_PREPROCESSOR_DEFINITIONS = (
					"DEBUG=1",
					"$(inherited)",
				);
				GCC_WARN_64_TO_32_BIT_CONVERSION = YES;
				GCC_WARN_ABOUT_RETURN_TYPE = YES_ERROR;
				GCC_WARN_UNDECLARED_SELECTOR = YES;
				GCC_WARN_UNINITIALIZED_AUTOS = YES_AGGRESSIVE;
				GCC_WARN_UNUSED_FUNCTION = YES;
				GCC_WARN_UNUSED_VARIABLE = YES;
				IPHONEOS_DEPLOYMENT_TARGET = 17.0;
				LOCALIZATION_PREFERS_STRING_CATALOGS = YES;
				MTL_ENABLE_DEBUG_INFO = INCLUDE_SOURCE;
				MTL_FAST_MATH = YES;
				ONLY_ACTIVE_ARCH = YES;
				SDKROOT = iphoneos;
				SWIFT_ACTIVE_COMPILATION_CONDITIONS = "DEBUG $(inherited)";
				SWIFT_OPTIMIZATION_LEVEL = "-Onone";
			};
			name = Debug;
		};
		A378D86B2AF19C16003D3BDB /* Release */ = {
			isa = XCBuildConfiguration;
			buildSettings = {
				ALWAYS_SEARCH_USER_PATHS = NO;
				ASSETCATALOG_COMPILER_GENERATE_SWIFT_ASSET_SYMBOL_EXTENSIONS = YES;
				CLANG_ANALYZER_NONNULL = YES;
				CLANG_ANALYZER_NUMBER_OBJECT_CONVERSION = YES_AGGRESSIVE;
				CLANG_CXX_LANGUAGE_STANDARD = "gnu++20";
				CLANG_ENABLE_MODULES = YES;
				CLANG_ENABLE_OBJC_ARC = YES;
				CLANG_ENABLE_OBJC_WEAK = YES;
				CLANG_WARN_BLOCK_CAPTURE_AUTORELEASING = YES;
				CLANG_WARN_BOOL_CONVERSION = YES;
				CLANG_WARN_COMMA = YES;
				CLANG_WARN_CONSTANT_CONVERSION = YES;
				CLANG_WARN_DEPRECATED_OBJC_IMPLEMENTATIONS = YES;
				CLANG_WARN_DIRECT_OBJC_ISA_USAGE = YES_ERROR;
				CLANG_WARN_DOCUMENTATION_COMMENTS = YES;
				CLANG_WARN_EMPTY_BODY = YES;
				CLANG_WARN_ENUM_CONVERSION = YES;
				CLANG_WARN_INFINITE_RECURSION = YES;
				CLANG_WARN_INT_CONVERSION = YES;
				CLANG_WARN_NON_LITERAL_NULL_CONVERSION = YES;
				CLANG_WARN_OBJC_IMPLICIT_RETAIN_SELF = YES;
				CLANG_WARN_OBJC_LITERAL_CONVERSION = YES;
				CLANG_WARN_OBJC_ROOT_CLASS = YES_ERROR;
				CLANG_WARN_QUOTED_INCLUDE_IN_FRAMEWORK_HEADER = YES;
				CLANG_WARN_RANGE_LOOP_ANALYSIS = YES;
				CLANG_WARN_STRICT_PROTOTYPES = YES;
				CLANG_WARN_SUSPICIOUS_MOVE = YES;
				CLANG_WARN_UNGUARDED_AVAILABILITY = YES_AGGRESSIVE;
				CLANG_WARN_UNREACHABLE_CODE = YES;
				CLANG_WARN__DUPLICATE_METHOD_MATCH = YES;
				COPY_PHASE_STRIP = NO;
				DEBUG_INFORMATION_FORMAT = "dwarf-with-dsym";
				ENABLE_NS_ASSERTIONS = NO;
				ENABLE_STRICT_OBJC_MSGSEND = YES;
				ENABLE_USER_SCRIPT_SANDBOXING = YES;
				GCC_C_LANGUAGE_STANDARD = gnu17;
				GCC_NO_COMMON_BLOCKS = YES;
				GCC_WARN_64_TO_32_BIT_CONVERSION = YES;
				GCC_WARN_ABOUT_RETURN_TYPE = YES_ERROR;
				GCC_WARN_UNDECLARED_SELECTOR = YES;
				GCC_WARN_UNINITIALIZED_AUTOS = YES_AGGRESSIVE;
				GCC_WARN_UNUSED_FUNCTION = YES;
				GCC_WARN_UNUSED_VARIABLE = YES;
				IPHONEOS_DEPLOYMENT_TARGET = 17.0;
				LOCALIZATION_PREFERS_STRING_CATALOGS = YES;
				MTL_ENABLE_DEBUG_INFO = NO;
				MTL_FAST_MATH = YES;
				SDKROOT = iphoneos;
				SWIFT_COMPILATION_MODE = wholemodule;
				VALIDATE_PRODUCT = YES;
			};
			name = Release;
		};
		A378D86D2AF19C16003D3BDB /* Debug */ = {
			isa = XCBuildConfiguration;
			buildSettings = {
				ASSETCATALOG_COMPILER_APPICON_NAME = AppIcon;
				ASSETCATALOG_COMPILER_GLOBAL_ACCENT_COLOR_NAME = AccentColor;
				CODE_SIGN_STYLE = Automatic;
				CURRENT_PROJECT_VERSION = 1;
				DEVELOPMENT_ASSET_PATHS = "\"FlightSearch/Preview Content\"";
				ENABLE_PREVIEWS = YES;
				GENERATE_INFOPLIST_FILE = YES;
				INFOPLIST_KEY_UIApplicationSceneManifest_Generation = YES;
				INFOPLIST_KEY_UIApplicationSupportsIndirectInputEvents = YES;
				INFOPLIST_KEY_UILaunchScreen_Generation = YES;
				INFOPLIST_KEY_UISupportedInterfaceOrientations_iPad = "UIInterfaceOrientationPortrait UIInterfaceOrientationPortraitUpsideDown UIInterfaceOrientationLandscapeLeft UIInterfaceOrientationLandscapeRight";
				INFOPLIST_KEY_UISupportedInterfaceOrientations_iPhone = "UIInterfaceOrientationPortrait UIInterfaceOrientationLandscapeLeft UIInterfaceOrientationLandscapeRight";
				LD_RUNPATH_SEARCH_PATHS = (
					"$(inherited)",
					"@executable_path/Frameworks",
				);
				MARKETING_VERSION = 1.0;
				PRODUCT_BUNDLE_IDENTIFIER = com.gowtham.FlightSearch;
				PRODUCT_NAME = "$(TARGET_NAME)";
				SWIFT_EMIT_LOC_STRINGS = YES;
				SWIFT_VERSION = 5.0;
				TARGETED_DEVICE_FAMILY = "1,2";
			};
			name = Debug;
		};
		A378D86E2AF19C16003D3BDB /* Release */ = {
			isa = XCBuildConfiguration;
			buildSettings = {
				ASSETCATALOG_COMPILER_APPICON_NAME = AppIcon;
				ASSETCATALOG_COMPILER_GLOBAL_ACCENT_COLOR_NAME = AccentColor;
				CODE_SIGN_STYLE = Automatic;
				CURRENT_PROJECT_VERSION = 1;
				DEVELOPMENT_ASSET_PATHS = "\"FlightSearch/Preview Content\"";
				ENABLE_PREVIEWS = YES;
				GENERATE_INFOPLIST_FILE = YES;
				INFOPLIST_KEY_UIApplicationSceneManifest_Generation = YES;
				INFOPLIST_KEY_UIApplicationSupportsIndirectInputEvents = YES;
				INFOPLIST_KEY_UILaunchScreen_Generation = YES;
				INFOPLIST_KEY_UISupportedInterfaceOrientations_iPad = "UIInterfaceOrientationPortrait UIInterfaceOrientationPortraitUpsideDown UIInterfaceOrientationLandscapeLeft UIInterfaceOrientationLandscapeRight";
				INFOPLIST_KEY_UISupportedInterfaceOrientations_iPhone = "UIInterfaceOrientationPortrait UIInterfaceOrientationLandscapeLeft UIInterfaceOrientationLandscapeRight";
				LD_RUNPATH_SEARCH_PATHS = (
					"$(inherited)",
					"@executable_path/Frameworks",
				);
				MARKETING_VERSION = 1.0;
				PRODUCT_BUNDLE_IDENTIFIER = com.gowtham.FlightSearch;
				PRODUCT_NAME = "$(TARGET_NAME)";
				SWIFT_EMIT_LOC_STRINGS = YES;
				SWIFT_VERSION = 5.0;
				TARGETED_DEVICE_FAMILY = "1,2";
			};
			name = Release;
		};
/* End XCBuildConfiguration section */

/* Begin XCConfigurationList section */
		46FFD6032EF46C9A00A453BE /* Build configuration list for PBXNativeTarget "FlightSearchTests" */ = {
			isa = XCConfigurationList;
			buildConfigurations = (
				46FFD6012EF46C9A00A453BE /* Debug */,
				46FFD6022EF46C9A00A453BE /* Release */,
			);
			defaultConfigurationIsVisible = 0;
			defaultConfigurationName = Release;
		};
		A378D8592AF19C15003D3BDB /* Build configuration list for PBXProject "FlightSearch" */ = {
			isa = XCConfigurationList;
			buildConfigurations = (
				A378D86A2AF19C16003D3BDB /* Debug */,
				A378D86B2AF19C16003D3BDB /* Release */,
			);
			defaultConfigurationIsVisible = 0;
			defaultConfigurationName = Release;
		};
		A378D86C2AF19C16003D3BDB /* Build configuration list for PBXNativeTarget "FlightSearch" */ = {
			isa = XCConfigurationList;
			buildConfigurations = (
				A378D86D2AF19C16003D3BDB /* Debug */,
				A378D86E2AF19C16003D3BDB /* Release */,
			);
			defaultConfigurationIsVisible = 0;
			defaultConfigurationName = Release;
		};
/* End XCConfigurationList section */

/* Begin XCRemoteSwiftPackageReference section */
		ED862DEB2B6EAAD900D8B3F7 /* XCRemoteSwiftPackageReference "swift-macros" */ = {
			isa = XCRemoteSwiftPackageReference;
			repositoryURL = "https://github.com/bernndr/swift-macros";
			requirement = {
				branch = main;
				kind = branch;
			};
		};
		EDB4F72E2B6EAEBD0092D19B /* XCRemoteSwiftPackageReference "swift-syntax" */ = {
			isa = XCRemoteSwiftPackageReference;
			repositoryURL = "https://github.com/apple/swift-syntax.git";
			requirement = {
				kind = upToNextMajorVersion;
				minimumVersion = 509.1.1;
			};
		};
		EDB4F7392B6EAF0C0092D19B /* XCRemoteSwiftPackageReference "CodingKeysGenerator" */ = {
			isa = XCRemoteSwiftPackageReference;
			repositoryURL = "https://github.com/zijievv/CodingKeysGenerator";
			requirement = {
				kind = upToNextMajorVersion;
				minimumVersion = 0.1.4;
			};
		};
		EDB4F73C2B754BD80092D19B /* XCRemoteSwiftPackageReference "ServiceHandler-main" */ = {
			isa = XCRemoteSwiftPackageReference;
			repositoryURL = "https://github.com/gowthamravi/ServiceHandler-main.git";
			requirement = {
				kind = exactVersion;
				version = 1.0.1;
			};
		};
		EDF746A22B7A934300C6AAD2 /* XCRemoteSwiftPackageReference "ActivityIndicatorView" */ = {
			isa = XCRemoteSwiftPackageReference;
			repositoryURL = "https://github.com/exyte/ActivityIndicatorView.git";
			requirement = {
				kind = upToNextMajorVersion;
				minimumVersion = 1.1.1;
			};
		};
/* End XCRemoteSwiftPackageReference section */

/* Begin XCSwiftPackageProductDependency section */
		A3DAB6A72AF7B62D00B3E1B2 /* ServiceHandler */ = {
			isa = XCSwiftPackageProductDependency;
			productName = ServiceHandler;
		};
		ED862DEC2B6EAAD900D8B3F7 /* SwiftMacros */ = {
			isa = XCSwiftPackageProductDependency;
			package = ED862DEB2B6EAAD900D8B3F7 /* XCRemoteSwiftPackageReference "swift-macros" */;
			productName = SwiftMacros;
		};
		EDB4F72F2B6EAEBD0092D19B /* SwiftBasicFormat */ = {
			isa = XCSwiftPackageProductDependency;
			package = EDB4F72E2B6EAEBD0092D19B /* XCRemoteSwiftPackageReference "swift-syntax" */;
			productName = SwiftBasicFormat;
		};
		EDB4F7312B6EAEBD0092D19B /* SwiftCompilerPlugin */ = {
			isa = XCSwiftPackageProductDependency;
			package = EDB4F72E2B6EAEBD0092D19B /* XCRemoteSwiftPackageReference "swift-syntax" */;
			productName = SwiftCompilerPlugin;
		};
		EDB4F7332B6EAEBD0092D19B /* SwiftCompilerPluginMessageHandling */ = {
			isa = XCSwiftPackageProductDependency;
			package = EDB4F72E2B6EAEBD0092D19B /* XCRemoteSwiftPackageReference "swift-syntax" */;
			productName = SwiftCompilerPluginMessageHandling;
		};
		EDB4F7352B6EAEBD0092D19B /* SwiftDiagnostics */ = {
			isa = XCSwiftPackageProductDependency;
			package = EDB4F72E2B6EAEBD0092D19B /* XCRemoteSwiftPackageReference "swift-syntax" */;
			productName = SwiftDiagnostics;
		};
		EDB4F7372B6EAEBD0092D19B /* SwiftIDEUtils */ = {
			isa = XCSwiftPackageProductDependency;
			package = EDB4F72E2B6EAEBD0092D19B /* XCRemoteSwiftPackageReference "swift-syntax" */;
			productName = SwiftIDEUtils;
		};
		EDB4F73A2B6EAF0C0092D19B /* CodingKeysGenerator */ = {
			isa = XCSwiftPackageProductDependency;
			package = EDB4F7392B6EAF0C0092D19B /* XCRemoteSwiftPackageReference "CodingKeysGenerator" */;
			productName = CodingKeysGenerator;
		};
		EDB4F73D2B754BD80092D19B /* ServiceHandler */ = {
			isa = XCSwiftPackageProductDependency;
			package = EDB4F73C2B754BD80092D19B /* XCRemoteSwiftPackageReference "ServiceHandler-main" */;
			productName = ServiceHandler;
		};
		EDF746A32B7A934300C6AAD2 /* ActivityIndicatorView */ = {
			isa = XCSwiftPackageProductDependency;
			package = EDF746A22B7A934300C6AAD2 /* XCRemoteSwiftPackageReference "ActivityIndicatorView" */;
			productName = ActivityIndicatorView;
		};
/* End XCSwiftPackageProductDependency section */
	};
	rootObject = A378D8562AF19C15003D3BDB /* Project object */;
}
